<?xml version="1.0" encoding="utf-8"?>
<Project ToolsVersion="4.0" xmlns="http://schemas.microsoft.com/developer/msbuild/2003">
  <ItemGroup>
    <ClCompile Include="main.cpp" />
    <ClCompile Include="ScreenShakeComponent.cpp" />
  </ItemGroup>
  <ItemGroup>
    <ClInclude Include="ScreenShakeComponent.h" />
    <ClInclude Include="ScreenShake_VS_Main.h" />
    <ClInclude Include="ScreenShake_PS_Main.h" />
    <ClInclude Include="Fullscreen_VS_Main.h" />
    <ClInclude Include="Fullscreen_PS_Main.h" />
  </ItemGroup>
</Project>