<?xml version="1.0" encoding="utf-8"?>
<Project ToolsVersion="4.0" xmlns="http://schemas.microsoft.com/developer/msbuild/2003">
  <ItemGroup>
    <ClCompile Include="main.cpp" />
    <ClCompile Include="..\common\Grid.cpp" />
    <ClCompile Include="..\common\Geometry.cpp" />
    <ClCompile Include="..\common\WorldMatrix.cpp" />
  </ItemGroup>
  <ItemGroup>
    <ClInclude Include="..\common\Grid.h" />
    <ClInclude Include="..\common\Geometry.h" />
    <ClInclude Include="..\common\WorldMatrix.h" />
  </ItemGroup>
</Project>