<?xml version="1.0" encoding="utf-8"?>
<Project ToolsVersion="4.0" xmlns="http://schemas.microsoft.com/developer/msbuild/2003">
  <ItemGroup>
    <ClCompile Include="main.cpp" />
    <ClCompile Include="Particlesystem.cpp" />
    <ClCompile Include="..\common\Grid.cpp" />
  </ItemGroup>
  <ItemGroup>
    <ClInclude Include="Particlesystem.h" />
    <ClInclude Include="..\common\Grid.h" />
    <ClInclude Include="GPUParticles_PS_Main.h" />
    <ClInclude Include="GPUParticles_VS_Main.h" />
  </ItemGroup>
  <ItemGroup>
    <FxCompile Include="GPUParticles_gs.hlsl" />
    <FxCompile Include="GPUParticles_ps.hlsl" />
    <FxCompile Include="GPUParticles_vs.hlsl" />
  </ItemGroup>
</Project>