
Microsoft Visual Studio Solution File, Format Version 12.00
# Visual Studio 14
VisualStudioVersion = 14.0.23107.0
MinimumVisualStudioVersion = 10.0.40219.1
Project("{8BC9CEB8-8B4A-11D0-8D11-00A0C91BC942}") = "diesel", "diesel.vcxproj", "{4248D58D-2A87-4E81-BF1D-D97337EECE8A}"
EndProject
Project("{8BC9CEB8-8B4A-11D0-8D11-00A0C91BC942}") = "Cube", "..\examples\cube\Cube.vcxproj", "{742F85E6-4215-4DB0-A565-917472000E03}"
EndProject
Project("{8BC9CEB8-8B4A-11D0-8D11-00A0C91BC942}") = "Camera", "..\examples\camera\Camera.vcxproj", "{7881051E-C8E5-46FB-ADA0-7553FD361706}"
EndProject
Project("{8BC9CEB8-8B4A-11D0-8D11-00A0C91BC942}") = "Texture", "..\examples\texture\Texture.vcxproj", "{63B0F07A-2FCF-4161-813B-EB8E6B217C4F}"
EndProject
Project("{8BC9CEB8-8B4A-11D0-8D11-00A0C91BC942}") = "Obj", "..\examples\obj\Obj.vcxproj", "{A7C61895-5FC0-40A1-A5C4-E63A82B4BF3B}"
EndProject
Project("{8BC9CEB8-8B4A-11D0-8D11-00A0C91BC942}") = "Sprites", "..\examples\sprites\Sprites.vcxproj", "{CD60E275-D4BF-4575-BF69-3F9AF155ED20}"
EndProject
Project("{8BC9CEB8-8B4A-11D0-8D11-00A0C91BC942}") = "AmbientLightning", "..\examples\ambient\AmbientLightning.vcxproj", "{F623C691-ED53-429D-89FB-3F01D54A470F}"
EndProject
Project("{8BC9CEB8-8B4A-11D0-8D11-00A0C91BC942}") = "PostProcess", "..\examples\effects\PostProcess.vcxproj", "{CD86FA68-B0BC-4689-B4B4-4814EC2688A6}"
EndProject
Project("{8BC9CEB8-8B4A-11D0-8D11-00A0C91BC942}") = "Particles_2D", "..\examples\particles2D\Particles_2D.vcxproj", "{1056C86F-6512-4C01-ADA2-1D07AFDD2EF0}"
EndProject
Project("{8BC9CEB8-8B4A-11D0-8D11-00A0C91BC942}") = "Font", "..\examples\font\Font.vcxproj", "{4EB78F2F-CA51-4792-88A6-8C87460A5246}"
EndProject
Project("{8BC9CEB8-8B4A-11D0-8D11-00A0C91BC942}") = "Common", "..\examples\common\Common.vcxproj", "{BE7450E3-C0D5-49D6-AE88-01526066A831}"
EndProject
Project("{8BC9CEB8-8B4A-11D0-8D11-00A0C91BC942}") = "GPUParticles", "..\examples\GPUParticles\GPUParticles.vcxproj", "{77AC03CD-3920-49B1-BA4F-BFDA2185791E}"
EndProject
Project("{8BC9CEB8-8B4A-11D0-8D11-00A0C91BC942}") = "Bump", "..\examples\bump\Bump.vcxproj", "{56D4DDBD-B9E7-4DE5-AEB8-4C1D034FF0C6}"
EndProject
Project("{8BC9CEB8-8B4A-11D0-8D11-00A0C91BC942}") = "Mesh", "..\examples\mesh\Mesh.vcxproj", "{5FC71D43-6368-4D15-B9BD-1BBA3958672C}"
EndProject
Project("{8BC9CEB8-8B4A-11D0-8D11-00A0C91BC942}") = "Deferred", "..\examples\deferred\Deferred.vcxproj", "{746B9DB8-DE1D-493B-BD85-C41BFF1EB7E6}"
EndProject
Project("{8BC9CEB8-8B4A-11D0-8D11-00A0C91BC942}") = "Ripples", "..\examples\ripples\Ripples.vcxproj", "{C8A83522-D2F4-4412-84C6-770FFDC9EA06}"
EndProject
Project("{8BC9CEB8-8B4A-11D0-8D11-00A0C91BC942}") = "Colors", "..\examples\colors\Colors.vcxproj", "{17E5DD44-D961-4F8C-844B-FA75ACD391B1}"
EndProject
Project("{8BC9CEB8-8B4A-11D0-8D11-00A0C91BC942}") = "WarpingGrid", "..\examples\warping_grid\WarpingGrid.vcxproj", "{EE6ECE8C-BD33-4C18-AAD0-89B470BCE39D}"
EndProject
Project("{8BC9CEB8-8B4A-11D0-8D11-00A0C91BC942}") = "imgui", "..\examples\imgui\imgui.vcxproj", "{3B16E9AB-D8AE-4F0D-84CF-434E6C859B26}"
EndProject
Project("{8BC9CEB8-8B4A-11D0-8D11-00A0C91BC942}") = "raymarching", "..\examples\raymarching\raymarching.vcxproj", "{CEEBBD64-0947-43CB-8F9C-3B767A97CED8}"
EndProject
Global
	GlobalSection(SolutionConfigurationPlatforms) = preSolution
		Debug|x64 = Debug|x64
		Debug|x86 = Debug|x86
		Release|x64 = Release|x64
		Release|x86 = Release|x86
	EndGlobalSection
	GlobalSection(ProjectConfigurationPlatforms) = postSolution
		{4248D58D-2A87-4E81-BF1D-D97337EECE8A}.Debug|x64.ActiveCfg = Debug|x64
		{4248D58D-2A87-4E81-BF1D-D97337EECE8A}.Debug|x64.Build.0 = Debug|x64
		{4248D58D-2A87-4E81-BF1D-D97337EECE8A}.Debug|x86.ActiveCfg = Debug|Win32
		{4248D58D-2A87-4E81-BF1D-D97337EECE8A}.Debug|x86.Build.0 = Debug|Win32
		{4248D58D-2A87-4E81-BF1D-D97337EECE8A}.Release|x64.ActiveCfg = Release|x64
		{4248D58D-2A87-4E81-BF1D-D97337EECE8A}.Release|x64.Build.0 = Release|x64
		{4248D58D-2A87-4E81-BF1D-D97337EECE8A}.Release|x86.ActiveCfg = Release|Win32
		{4248D58D-2A87-4E81-BF1D-D97337EECE8A}.Release|x86.Build.0 = Release|Win32
		{742F85E6-4215-4DB0-A565-917472000E03}.Debug|x64.ActiveCfg = Debug|x64
		{742F85E6-4215-4DB0-A565-917472000E03}.Debug|x64.Build.0 = Debug|x64
		{742F85E6-4215-4DB0-A565-917472000E03}.Debug|x86.ActiveCfg = Debug|Win32
		{742F85E6-4215-4DB0-A565-917472000E03}.Debug|x86.Build.0 = Debug|Win32
		{742F85E6-4215-4DB0-A565-917472000E03}.Release|x64.ActiveCfg = Release|x64
		{742F85E6-4215-4DB0-A565-917472000E03}.Release|x64.Build.0 = Release|x64
		{742F85E6-4215-4DB0-A565-917472000E03}.Release|x86.ActiveCfg = Release|Win32
		{742F85E6-4215-4DB0-A565-917472000E03}.Release|x86.Build.0 = Release|Win32
		{7881051E-C8E5-46FB-ADA0-7553FD361706}.Debug|x64.ActiveCfg = Debug|x64
		{7881051E-C8E5-46FB-ADA0-7553FD361706}.Debug|x64.Build.0 = Debug|x64
		{7881051E-C8E5-46FB-ADA0-7553FD361706}.Debug|x86.ActiveCfg = Debug|Win32
		{7881051E-C8E5-46FB-ADA0-7553FD361706}.Debug|x86.Build.0 = Debug|Win32
		{7881051E-C8E5-46FB-ADA0-7553FD361706}.Release|x64.ActiveCfg = Release|x64
		{7881051E-C8E5-46FB-ADA0-7553FD361706}.Release|x64.Build.0 = Release|x64
		{7881051E-C8E5-46FB-ADA0-7553FD361706}.Release|x86.ActiveCfg = Release|Win32
		{7881051E-C8E5-46FB-ADA0-7553FD361706}.Release|x86.Build.0 = Release|Win32
		{63B0F07A-2FCF-4161-813B-EB8E6B217C4F}.Debug|x64.ActiveCfg = Debug|x64
		{63B0F07A-2FCF-4161-813B-EB8E6B217C4F}.Debug|x64.Build.0 = Debug|x64
		{63B0F07A-2FCF-4161-813B-EB8E6B217C4F}.Debug|x86.ActiveCfg = Debug|Win32
		{63B0F07A-2FCF-4161-813B-EB8E6B217C4F}.Debug|x86.Build.0 = Debug|Win32
		{63B0F07A-2FCF-4161-813B-EB8E6B217C4F}.Release|x64.ActiveCfg = Release|x64
		{63B0F07A-2FCF-4161-813B-EB8E6B217C4F}.Release|x64.Build.0 = Release|x64
		{63B0F07A-2FCF-4161-813B-EB8E6B217C4F}.Release|x86.ActiveCfg = Release|Win32
		{63B0F07A-2FCF-4161-813B-EB8E6B217C4F}.Release|x86.Build.0 = Release|Win32
		{A7C61895-5FC0-40A1-A5C4-E63A82B4BF3B}.Debug|x64.ActiveCfg = Debug|x64
		{A7C61895-5FC0-40A1-A5C4-E63A82B4BF3B}.Debug|x64.Build.0 = Debug|x64
		{A7C61895-5FC0-40A1-A5C4-E63A82B4BF3B}.Debug|x86.ActiveCfg = Debug|Win32
		{A7C61895-5FC0-40A1-A5C4-E63A82B4BF3B}.Debug|x86.Build.0 = Debug|Win32
		{A7C61895-5FC0-40A1-A5C4-E63A82B4BF3B}.Release|x64.ActiveCfg = Release|x64
		{A7C61895-5FC0-40A1-A5C4-E63A82B4BF3B}.Release|x64.Build.0 = Release|x64
		{A7C61895-5FC0-40A1-A5C4-E63A82B4BF3B}.Release|x86.ActiveCfg = Release|Win32
		{A7C61895-5FC0-40A1-A5C4-E63A82B4BF3B}.Release|x86.Build.0 = Release|Win32
		{CD60E275-D4BF-4575-BF69-3F9AF155ED20}.Debug|x64.ActiveCfg = Debug|x64
		{CD60E275-D4BF-4575-BF69-3F9AF155ED20}.Debug|x64.Build.0 = Debug|x64
		{CD60E275-D4BF-4575-BF69-3F9AF155ED20}.Debug|x86.ActiveCfg = Debug|Win32
		{CD60E275-D4BF-4575-BF69-3F9AF155ED20}.Debug|x86.Build.0 = Debug|Win32
		{CD60E275-D4BF-4575-BF69-3F9AF155ED20}.Release|x64.ActiveCfg = Release|x64
		{CD60E275-D4BF-4575-BF69-3F9AF155ED20}.Release|x64.Build.0 = Release|x64
		{CD60E275-D4BF-4575-BF69-3F9AF155ED20}.Release|x86.ActiveCfg = Release|Win32
		{CD60E275-D4BF-4575-BF69-3F9AF155ED20}.Release|x86.Build.0 = Release|Win32
		{F623C691-ED53-429D-89FB-3F01D54A470F}.Debug|x64.ActiveCfg = Debug|x64
		{F623C691-ED53-429D-89FB-3F01D54A470F}.Debug|x64.Build.0 = Debug|x64
		{F623C691-ED53-429D-89FB-3F01D54A470F}.Debug|x86.ActiveCfg = Debug|Win32
		{F623C691-ED53-429D-89FB-3F01D54A470F}.Debug|x86.Build.0 = Debug|Win32
		{F623C691-ED53-429D-89FB-3F01D54A470F}.Release|x64.ActiveCfg = Release|x64
		{F623C691-ED53-429D-89FB-3F01D54A470F}.Release|x64.Build.0 = Release|x64
		{F623C691-ED53-429D-89FB-3F01D54A470F}.Release|x86.ActiveCfg = Release|Win32
		{F623C691-ED53-429D-89FB-3F01D54A470F}.Release|x86.Build.0 = Release|Win32
		{CD86FA68-B0BC-4689-B4B4-4814EC2688A6}.Debug|x64.ActiveCfg = Debug|x64
		{CD86FA68-B0BC-4689-B4B4-4814EC2688A6}.Debug|x64.Build.0 = Debug|x64
		{CD86FA68-B0BC-4689-B4B4-4814EC2688A6}.Debug|x86.ActiveCfg = Debug|Win32
		{CD86FA68-B0BC-4689-B4B4-4814EC2688A6}.Debug|x86.Build.0 = Debug|Win32
		{CD86FA68-B0BC-4689-B4B4-4814EC2688A6}.Release|x64.ActiveCfg = Release|x64
		{CD86FA68-B0BC-4689-B4B4-4814EC2688A6}.Release|x64.Build.0 = Release|x64
		{CD86FA68-B0BC-4689-B4B4-4814EC2688A6}.Release|x86.ActiveCfg = Release|Win32
		{CD86FA68-B0BC-4689-B4B4-4814EC2688A6}.Release|x86.Build.0 = Release|Win32
		{1056C86F-6512-4C01-ADA2-1D07AFDD2EF0}.Debug|x64.ActiveCfg = Debug|x64
		{1056C86F-6512-4C01-ADA2-1D07AFDD2EF0}.Debug|x64.Build.0 = Debug|x64
		{1056C86F-6512-4C01-ADA2-1D07AFDD2EF0}.Debug|x86.ActiveCfg = Debug|Win32
		{1056C86F-6512-4C01-ADA2-1D07AFDD2EF0}.Debug|x86.Build.0 = Debug|Win32
		{1056C86F-6512-4C01-ADA2-1D07AFDD2EF0}.Release|x64.ActiveCfg = Release|x64
		{1056C86F-6512-4C01-ADA2-1D07AFDD2EF0}.Release|x64.Build.0 = Release|x64
		{1056C86F-6512-4C01-ADA2-1D07AFDD2EF0}.Release|x86.ActiveCfg = Release|Win32
		{1056C86F-6512-4C01-ADA2-1D07AFDD2EF0}.Release|x86.Build.0 = Release|Win32
		{4EB78F2F-CA51-4792-88A6-8C87460A5246}.Debug|x64.ActiveCfg = Debug|x64
		{4EB78F2F-CA51-4792-88A6-8C87460A5246}.Debug|x64.Build.0 = Debug|x64
		{4EB78F2F-CA51-4792-88A6-8C87460A5246}.Debug|x86.ActiveCfg = Debug|Win32
		{4EB78F2F-CA51-4792-88A6-8C87460A5246}.Debug|x86.Build.0 = Debug|Win32
		{4EB78F2F-CA51-4792-88A6-8C87460A5246}.Release|x64.ActiveCfg = Release|x64
		{4EB78F2F-CA51-4792-88A6-8C87460A5246}.Release|x64.Build.0 = Release|x64
		{4EB78F2F-CA51-4792-88A6-8C87460A5246}.Release|x86.ActiveCfg = Release|Win32
		{4EB78F2F-CA51-4792-88A6-8C87460A5246}.Release|x86.Build.0 = Release|Win32
		{BE7450E3-C0D5-49D6-AE88-01526066A831}.Debug|x64.ActiveCfg = Debug|x64
		{BE7450E3-C0D5-49D6-AE88-01526066A831}.Debug|x64.Build.0 = Debug|x64
		{BE7450E3-C0D5-49D6-AE88-01526066A831}.Debug|x86.ActiveCfg = Debug|Win32
		{BE7450E3-C0D5-49D6-AE88-01526066A831}.Debug|x86.Build.0 = Debug|Win32
		{BE7450E3-C0D5-49D6-AE88-01526066A831}.Release|x64.ActiveCfg = Release|x64
		{BE7450E3-C0D5-49D6-AE88-01526066A831}.Release|x64.Build.0 = Release|x64
		{BE7450E3-C0D5-49D6-AE88-01526066A831}.Release|x86.ActiveCfg = Release|Win32
		{BE7450E3-C0D5-49D6-AE88-01526066A831}.Release|x86.Build.0 = Release|Win32
		{77AC03CD-3920-49B1-BA4F-BFDA2185791E}.Debug|x64.ActiveCfg = Debug|x64
		{77AC03CD-3920-49B1-BA4F-BFDA2185791E}.Debug|x64.Build.0 = Debug|x64
		{77AC03CD-3920-49B1-BA4F-BFDA2185791E}.Debug|x86.ActiveCfg = Debug|Win32
		{77AC03CD-3920-49B1-BA4F-BFDA2185791E}.Debug|x86.Build.0 = Debug|Win32
		{77AC03CD-3920-49B1-BA4F-BFDA2185791E}.Release|x64.ActiveCfg = Release|x64
		{77AC03CD-3920-49B1-BA4F-BFDA2185791E}.Release|x64.Build.0 = Release|x64
		{77AC03CD-3920-49B1-BA4F-BFDA2185791E}.Release|x86.ActiveCfg = Release|Win32
		{77AC03CD-3920-49B1-BA4F-BFDA2185791E}.Release|x86.Build.0 = Release|Win32
		{56D4DDBD-B9E7-4DE5-AEB8-4C1D034FF0C6}.Debug|x64.ActiveCfg = Debug|x64
		{56D4DDBD-B9E7-4DE5-AEB8-4C1D034FF0C6}.Debug|x64.Build.0 = Debug|x64
		{56D4DDBD-B9E7-4DE5-AEB8-4C1D034FF0C6}.Debug|x86.ActiveCfg = Debug|Win32
		{56D4DDBD-B9E7-4DE5-AEB8-4C1D034FF0C6}.Debug|x86.Build.0 = Debug|Win32
		{56D4DDBD-B9E7-4DE5-AEB8-4C1D034FF0C6}.Release|x64.ActiveCfg = Release|x64
		{56D4DDBD-B9E7-4DE5-AEB8-4C1D034FF0C6}.Release|x64.Build.0 = Release|x64
		{56D4DDBD-B9E7-4DE5-AEB8-4C1D034FF0C6}.Release|x86.ActiveCfg = Release|Win32
		{56D4DDBD-B9E7-4DE5-AEB8-4C1D034FF0C6}.Release|x86.Build.0 = Release|Win32
		{5FC71D43-6368-4D15-B9BD-1BBA3958672C}.Debug|x64.ActiveCfg = Debug|x64
		{5FC71D43-6368-4D15-B9BD-1BBA3958672C}.Debug|x64.Build.0 = Debug|x64
		{5FC71D43-6368-4D15-B9BD-1BBA3958672C}.Debug|x86.ActiveCfg = Debug|Win32
		{5FC71D43-6368-4D15-B9BD-1BBA3958672C}.Debug|x86.Build.0 = Debug|Win32
		{5FC71D43-6368-4D15-B9BD-1BBA3958672C}.Release|x64.ActiveCfg = Release|x64
		{5FC71D43-6368-4D15-B9BD-1BBA3958672C}.Release|x64.Build.0 = Release|x64
		{5FC71D43-6368-4D15-B9BD-1BBA3958672C}.Release|x86.ActiveCfg = Release|Win32
		{5FC71D43-6368-4D15-B9BD-1BBA3958672C}.Release|x86.Build.0 = Release|Win32
		{746B9DB8-DE1D-493B-BD85-C41BFF1EB7E6}.Debug|x64.ActiveCfg = Debug|x64
		{746B9DB8-DE1D-493B-BD85-C41BFF1EB7E6}.Debug|x64.Build.0 = Debug|x64
		{746B9DB8-DE1D-493B-BD85-C41BFF1EB7E6}.Debug|x86.ActiveCfg = Debug|Win32
		{746B9DB8-DE1D-493B-BD85-C41BFF1EB7E6}.Debug|x86.Build.0 = Debug|Win32
		{746B9DB8-DE1D-493B-BD85-C41BFF1EB7E6}.Release|x64.ActiveCfg = Release|x64
		{746B9DB8-DE1D-493B-BD85-C41BFF1EB7E6}.Release|x64.Build.0 = Release|x64
		{746B9DB8-DE1D-493B-BD85-C41BFF1EB7E6}.Release|x86.ActiveCfg = Release|Win32
		{746B9DB8-DE1D-493B-BD85-C41BFF1EB7E6}.Release|x86.Build.0 = Release|Win32
		{C8A83522-D2F4-4412-84C6-770FFDC9EA06}.Debug|x64.ActiveCfg = Debug|x64
		{C8A83522-D2F4-4412-84C6-770FFDC9EA06}.Debug|x64.Build.0 = Debug|x64
		{C8A83522-D2F4-4412-84C6-770FFDC9EA06}.Debug|x86.ActiveCfg = Debug|Win32
		{C8A83522-D2F4-4412-84C6-770FFDC9EA06}.Debug|x86.Build.0 = Debug|Win32
		{C8A83522-D2F4-4412-84C6-770FFDC9EA06}.Release|x64.ActiveCfg = Release|x64
		{C8A83522-D2F4-4412-84C6-770FFDC9EA06}.Release|x64.Build.0 = Release|x64
		{C8A83522-D2F4-4412-84C6-770FFDC9EA06}.Release|x86.ActiveCfg = Release|Win32
		{C8A83522-D2F4-4412-84C6-770FFDC9EA06}.Release|x86.Build.0 = Release|Win32
		{17E5DD44-D961-4F8C-844B-FA75ACD391B1}.Debug|x64.ActiveCfg = Debug|x64
		{17E5DD44-D961-4F8C-844B-FA75ACD391B1}.Debug|x64.Build.0 = Debug|x64
		{17E5DD44-D961-4F8C-844B-FA75ACD391B1}.Debug|x86.ActiveCfg = Debug|Win32
		{17E5DD44-D961-4F8C-844B-FA75ACD391B1}.Debug|x86.Build.0 = Debug|Win32
		{17E5DD44-D961-4F8C-844B-FA75ACD391B1}.Release|x64.ActiveCfg = Release|x64
		{17E5DD44-D961-4F8C-844B-FA75ACD391B1}.Release|x64.Build.0 = Release|x64
		{17E5DD44-D961-4F8C-844B-FA75ACD391B1}.Release|x86.ActiveCfg = Release|Win32
		{17E5DD44-D961-4F8C-844B-FA75ACD391B1}.Release|x86.Build.0 = Release|Win32
		{EE6ECE8C-BD33-4C18-AAD0-89B470BCE39D}.Debug|x64.ActiveCfg = Debug|x64
		{EE6ECE8C-BD33-4C18-AAD0-89B470BCE39D}.Debug|x64.Build.0 = Debug|x64
		{EE6ECE8C-BD33-4C18-AAD0-89B470BCE39D}.Debug|x86.ActiveCfg = Debug|Win32
		{EE6ECE8C-BD33-4C18-AAD0-89B470BCE39D}.Debug|x86.Build.0 = Debug|Win32
		{EE6ECE8C-BD33-4C18-AAD0-89B470BCE39D}.Release|x64.ActiveCfg = Release|x64
		{EE6ECE8C-BD33-4C18-AAD0-89B470BCE39D}.Release|x64.Build.0 = Release|x64
		{EE6ECE8C-BD33-4C18-AAD0-89B470BCE39D}.Release|x86.ActiveCfg = Release|Win32
		{EE6ECE8C-BD33-4C18-AAD0-89B470BCE39D}.Release|x86.Build.0 = Release|Win32
		{3B16E9AB-D8AE-4F0D-84CF-434E6C859B26}.Debug|x64.ActiveCfg = Debug|x64
		{3B16E9AB-D8AE-4F0D-84CF-434E6C859B26}.Debug|x64.Build.0 = Debug|x64
		{3B16E9AB-D8AE-4F0D-84CF-434E6C859B26}.Debug|x86.ActiveCfg = Debug|Win32
		{3B16E9AB-D8AE-4F0D-84CF-434E6C859B26}.Debug|x86.Build.0 = Debug|Win32
		{3B16E9AB-D8AE-4F0D-84CF-434E6C859B26}.Release|x64.ActiveCfg = Release|x64
		{3B16E9AB-D8AE-4F0D-84CF-434E6C859B26}.Release|x64.Build.0 = Release|x64
		{3B16E9AB-D8AE-4F0D-84CF-434E6C859B26}.Release|x86.ActiveCfg = Release|Win32
		{3B16E9AB-D8AE-4F0D-84CF-434E6C859B26}.Release|x86.Build.0 = Release|Win32
		{CEEBBD64-0947-43CB-8F9C-3B767A97CED8}.Debug|x64.ActiveCfg = Debug|x64
		{CEEBBD64-0947-43CB-8F9C-3B767A97CED8}.Debug|x64.Build.0 = Debug|x64
		{CEEBBD64-0947-43CB-8F9C-3B767A97CED8}.Debug|x86.ActiveCfg = Debug|Win32
		{CEEBBD64-0947-43CB-8F9C-3B767A97CED8}.Debug|x86.Build.0 = Debug|Win32
		{CEEBBD64-0947-43CB-8F9C-3B767A97CED8}.Release|x64.ActiveCfg = Release|x64
		{CEEBBD64-0947-43CB-8F9C-3B767A97CED8}.Release|x64.Build.0 = Release|x64
		{CEEBBD64-0947-43CB-8F9C-3B767A97CED8}.Release|x86.ActiveCfg = Release|Win32
		{CEEBBD64-0947-43CB-8F9C-3B767A97CED8}.Release|x86.Build.0 = Release|Win32
	EndGlobalSection
	GlobalSection(SolutionProperties) = preSolution
		HideSolutionNode = FALSE
	EndGlobalSection
EndGlobal
