
Microsoft Visual Studio Solution File, Format Version 12.00
# Visual Studio 14
VisualStudioVersion = 14.0.23107.0
MinimumVisualStudioVersion = 10.0.40219.1
Project("{8BC9CEB8-8B4A-11D0-8D11-00A0C91BC942}") = "diesel", "diesel.vcxproj", "{4248D58D-2A87-4E81-BF1D-D97337EECE8A}"
EndProject
Project("{8BC9CEB8-8B4A-11D0-8D11-00A0C91BC942}") = "Cube", "..\examples\cube\Cube.vcxproj", "{742F85E6-4215-4DB0-A565-917472000E03}"
EndProject
Project("{8BC9CEB8-8B4A-11D0-8D11-00A0C91BC942}") = "Camera", "..\examples\camera\Camera.vcxproj", "{7881051E-C8E5-46FB-ADA0-7553FD361706}"
EndProject
Project("{8BC9CEB8-8B4A-11D0-8D11-00A0C91BC942}") = "Texture", "..\examples\texture\Texture.vcxproj", "{63B0F07A-2FCF-4161-813B-EB8E6B217C4F}"
EndProject
Project("{8BC9CEB8-8B4A-11D0-8D11-00A0C91BC942}") = "Obj", "..\examples\obj\Obj.vcxproj", "{A7C61895-5FC0-40A1-A5C4-E63A82B4BF3B}"
EndProject
Project("{8BC9CEB8-8B4A-11D0-8D11-00A0C91BC942}") = "Sprites", "..\examples\sprites\Sprites.vcxproj", "{CD60E275-D4BF-4575-BF69-3F9AF155ED20}"
EndProject
Project("{8BC9CEB8-8B4A-11D0-8D11-00A0C91BC942}") = "AmbientLightning", "..\examples\ambient\AmbientLightning.vcxproj", "{F623C691-ED53-429D-89FB-3F01D54A470F}"
EndProject
Global
	GlobalSection(SolutionConfigurationPlatforms) = preSolution
		Debug|x64 = Debug|x64
		Debug|x86 = Debug|x86
		Release|x64 = Release|x64
		Release|x86 = Release|x86
	EndGlobalSection
	GlobalSection(ProjectConfigurationPlatforms) = postSolution
		{4248D58D-2A87-4E81-BF1D-D97337EECE8A}.Debug|x64.ActiveCfg = Debug|x64
		{4248D58D-2A87-4E81-BF1D-D97337EECE8A}.Debug|x64.Build.0 = Debug|x64
		{4248D58D-2A87-4E81-BF1D-D97337EECE8A}.Debug|x86.ActiveCfg = Debug|Win32
		{4248D58D-2A87-4E81-BF1D-D97337EECE8A}.Debug|x86.Build.0 = Debug|Win32
		{4248D58D-2A87-4E81-BF1D-D97337EECE8A}.Release|x64.ActiveCfg = Release|x64
		{4248D58D-2A87-4E81-BF1D-D97337EECE8A}.Release|x64.Build.0 = Release|x64
		{4248D58D-2A87-4E81-BF1D-D97337EECE8A}.Release|x86.ActiveCfg = Release|Win32
		{4248D58D-2A87-4E81-BF1D-D97337EECE8A}.Release|x86.Build.0 = Release|Win32
		{742F85E6-4215-4DB0-A565-917472000E03}.Debug|x64.ActiveCfg = Debug|x64
		{742F85E6-4215-4DB0-A565-917472000E03}.Debug|x64.Build.0 = Debug|x64
		{742F85E6-4215-4DB0-A565-917472000E03}.Debug|x86.ActiveCfg = Debug|Win32
		{742F85E6-4215-4DB0-A565-917472000E03}.Debug|x86.Build.0 = Debug|Win32
		{742F85E6-4215-4DB0-A565-917472000E03}.Release|x64.ActiveCfg = Release|x64
		{742F85E6-4215-4DB0-A565-917472000E03}.Release|x64.Build.0 = Release|x64
		{742F85E6-4215-4DB0-A565-917472000E03}.Release|x86.ActiveCfg = Release|Win32
		{742F85E6-4215-4DB0-A565-917472000E03}.Release|x86.Build.0 = Release|Win32
		{7881051E-C8E5-46FB-ADA0-7553FD361706}.Debug|x64.ActiveCfg = Debug|x64
		{7881051E-C8E5-46FB-ADA0-7553FD361706}.Debug|x64.Build.0 = Debug|x64
		{7881051E-C8E5-46FB-ADA0-7553FD361706}.Debug|x86.ActiveCfg = Debug|Win32
		{7881051E-C8E5-46FB-ADA0-7553FD361706}.Debug|x86.Build.0 = Debug|Win32
		{7881051E-C8E5-46FB-ADA0-7553FD361706}.Release|x64.ActiveCfg = Release|x64
		{7881051E-C8E5-46FB-ADA0-7553FD361706}.Release|x64.Build.0 = Release|x64
		{7881051E-C8E5-46FB-ADA0-7553FD361706}.Release|x86.ActiveCfg = Release|Win32
		{7881051E-C8E5-46FB-ADA0-7553FD361706}.Release|x86.Build.0 = Release|Win32
		{63B0F07A-2FCF-4161-813B-EB8E6B217C4F}.Debug|x64.ActiveCfg = Debug|x64
		{63B0F07A-2FCF-4161-813B-EB8E6B217C4F}.Debug|x64.Build.0 = Debug|x64
		{63B0F07A-2FCF-4161-813B-EB8E6B217C4F}.Debug|x86.ActiveCfg = Debug|Win32
		{63B0F07A-2FCF-4161-813B-EB8E6B217C4F}.Debug|x86.Build.0 = Debug|Win32
		{63B0F07A-2FCF-4161-813B-EB8E6B217C4F}.Release|x64.ActiveCfg = Release|x64
		{63B0F07A-2FCF-4161-813B-EB8E6B217C4F}.Release|x64.Build.0 = Release|x64
		{63B0F07A-2FCF-4161-813B-EB8E6B217C4F}.Release|x86.ActiveCfg = Release|Win32
		{63B0F07A-2FCF-4161-813B-EB8E6B217C4F}.Release|x86.Build.0 = Release|Win32
		{A7C61895-5FC0-40A1-A5C4-E63A82B4BF3B}.Debug|x64.ActiveCfg = Debug|x64
		{A7C61895-5FC0-40A1-A5C4-E63A82B4BF3B}.Debug|x64.Build.0 = Debug|x64
		{A7C61895-5FC0-40A1-A5C4-E63A82B4BF3B}.Debug|x86.ActiveCfg = Debug|Win32
		{A7C61895-5FC0-40A1-A5C4-E63A82B4BF3B}.Debug|x86.Build.0 = Debug|Win32
		{A7C61895-5FC0-40A1-A5C4-E63A82B4BF3B}.Release|x64.ActiveCfg = Release|x64
		{A7C61895-5FC0-40A1-A5C4-E63A82B4BF3B}.Release|x64.Build.0 = Release|x64
		{A7C61895-5FC0-40A1-A5C4-E63A82B4BF3B}.Release|x86.ActiveCfg = Release|Win32
		{A7C61895-5FC0-40A1-A5C4-E63A82B4BF3B}.Release|x86.Build.0 = Release|Win32
		{CD60E275-D4BF-4575-BF69-3F9AF155ED20}.Debug|x64.ActiveCfg = Debug|x64
		{CD60E275-D4BF-4575-BF69-3F9AF155ED20}.Debug|x64.Build.0 = Debug|x64
		{CD60E275-D4BF-4575-BF69-3F9AF155ED20}.Debug|x86.ActiveCfg = Debug|Win32
		{CD60E275-D4BF-4575-BF69-3F9AF155ED20}.Debug|x86.Build.0 = Debug|Win32
		{CD60E275-D4BF-4575-BF69-3F9AF155ED20}.Release|x64.ActiveCfg = Release|x64
		{CD60E275-D4BF-4575-BF69-3F9AF155ED20}.Release|x64.Build.0 = Release|x64
		{CD60E275-D4BF-4575-BF69-3F9AF155ED20}.Release|x86.ActiveCfg = Release|Win32
		{CD60E275-D4BF-4575-BF69-3F9AF155ED20}.Release|x86.Build.0 = Release|Win32
		{F623C691-ED53-429D-89FB-3F01D54A470F}.Debug|x64.ActiveCfg = Debug|x64
		{F623C691-ED53-429D-89FB-3F01D54A470F}.Debug|x64.Build.0 = Debug|x64
		{F623C691-ED53-429D-89FB-3F01D54A470F}.Debug|x86.ActiveCfg = Debug|Win32
		{F623C691-ED53-429D-89FB-3F01D54A470F}.Debug|x86.Build.0 = Debug|Win32
		{F623C691-ED53-429D-89FB-3F01D54A470F}.Release|x64.ActiveCfg = Release|x64
		{F623C691-ED53-429D-89FB-3F01D54A470F}.Release|x64.Build.0 = Release|x64
		{F623C691-ED53-429D-89FB-3F01D54A470F}.Release|x86.ActiveCfg = Release|Win32
		{F623C691-ED53-429D-89FB-3F01D54A470F}.Release|x86.Build.0 = Release|Win32
	EndGlobalSection
	GlobalSection(SolutionProperties) = preSolution
		HideSolutionNode = FALSE
	EndGlobalSection
EndGlobal
