<?xml version="1.0" encoding="utf-8"?>
<Project ToolsVersion="4.0" xmlns="http://schemas.microsoft.com/developer/msbuild/2003">
  <ItemGroup>
    <ClInclude Include="..\diesel.h" />
    <ClInclude Include="..\Profiler.h" />
    <ClInclude Include="..\features\ds_billboards.h">
      <Filter>features</Filter>
    </ClInclude>
  </ItemGroup>
  <ItemGroup>
    <Filter Include="features">
      <UniqueIdentifier>{9e2b6941-d92e-47c6-b66d-12248eebbac2}</UniqueIdentifier>
    </Filter>
  </ItemGroup>
</Project>